
Microsoft Visual Studio Solution File, Format Version 12.00
# Visual Studio Version 16
VisualStudioVersion = 16.0.28407.52
MinimumVisualStudioVersion = 10.0.40219.1
Project("{FAE04EC0-301F-11D3-BF4B-00C04F79EFBC}") = "RDPART", "RDPART.csproj", "{F50C459F-3CC4-4599-9DB0-49AE9614AA6E}"
EndProject
Global
	GlobalSection(SolutionConfigurationPlatforms) = preSolution
		Debug|Any CPU = Debug|Any CPU
		Release|Any CPU = Release|Any CPU
	EndGlobalSection
	GlobalSection(ProjectConfigurationPlatforms) = postSolution
		{F50C459F-3CC4-4599-9DB0-49AE9614AA6E}.Debug|Any CPU.ActiveCfg = Debug|Any CPU
		{F50C459F-3CC4-4599-9DB0-49AE9614AA6E}.Debug|Any CPU.Build.0 = Debug|Any CPU
		{F50C459F-3CC4-4599-9DB0-49AE9614AA6E}.Release|Any CPU.ActiveCfg = Release|Any CPU
		{F50C459F-3CC4-4599-9DB0-49AE9614AA6E}.Release|Any CPU.Build.0 = Release|Any CPU
	EndGlobalSection
	GlobalSection(SolutionProperties) = preSolution
		HideSolutionNode = FALSE
	EndGlobalSection
	GlobalSection(ExtensibilityGlobals) = postSolution
		SolutionGuid = {F62DF67A-6E1E-4DF8-80FB-057B5D53F7E7}
	EndGlobalSection
EndGlobal
