
Microsoft Visual Studio Solution File, Format Version 12.00
# Visual Studio Version 16
VisualStudioVersion = 16.0.28407.52
MinimumVisualStudioVersion = 10.0.40219.1
Project("{FAE04EC0-301F-11D3-BF4B-00C04F79EFBC}") = "ORGANW", "ORGANW.csproj", "{09529736-1A89-494D-AF72-3130FCEFB9C3}"
EndProject
Global
	GlobalSection(SolutionConfigurationPlatforms) = preSolution
		Debug|Any CPU = Debug|Any CPU
		Release|Any CPU = Release|Any CPU
	EndGlobalSection
	GlobalSection(ProjectConfigurationPlatforms) = postSolution
		{09529736-1A89-494D-AF72-3130FCEFB9C3}.Debug|Any CPU.ActiveCfg = Debug|Any CPU
		{09529736-1A89-494D-AF72-3130FCEFB9C3}.Debug|Any CPU.Build.0 = Debug|Any CPU
		{09529736-1A89-494D-AF72-3130FCEFB9C3}.Release|Any CPU.ActiveCfg = Release|Any CPU
		{09529736-1A89-494D-AF72-3130FCEFB9C3}.Release|Any CPU.Build.0 = Release|Any CPU
	EndGlobalSection
	GlobalSection(SolutionProperties) = preSolution
		HideSolutionNode = FALSE
	EndGlobalSection
	GlobalSection(ExtensibilityGlobals) = postSolution
		SolutionGuid = {D324D651-A402-457F-B03E-049959F5C45C}
	EndGlobalSection
EndGlobal
